
Microsoft Visual Studio Solution File, Format Version 12.00
# Visual Studio Version 16
VisualStudioVersion = 16.0.30002.166
MinimumVisualStudioVersion = 10.0.40219.1
Project("{2150E333-8FDC-42A3-9474-1A3956D46DE8}") = "src", "src", "{0B14BD1E-412A-4E08-B40D-ED7E5D43B11C}"
EndProject
Project("{2150E333-8FDC-42A3-9474-1A3956D46DE8}") = "tests", "tests", "{45ED4DDE-4886-4430-9AD0-A1445FBFE7A1}"
EndProject
Project("{9A19103F-16F7-4668-BE54-9A1E7A4F7556}") = "BlogR.Core", "src\BlogR.Core\BlogR.Core.csproj", "{1A749680-1E00-4472-B775-7307CC2BF3C0}"
EndProject
Project("{9A19103F-16F7-4668-BE54-9A1E7A4F7556}") = "BlogR.Web", "src\BlogR.Web\BlogR.Web.csproj", "{B400E9EF-BCF1-4563-A4EF-FF54DFA2BE68}"
EndProject
Project("{9A19103F-16F7-4668-BE54-9A1E7A4F7556}") = "BlogR.Data.EntityFramework", "src\BlogR.Data.EntityFramework\BlogR.Data.EntityFramework.csproj", "{DB3408DD-EB86-40E6-BFDC-C29D295D594B}"
EndProject
Project("{9A19103F-16F7-4668-BE54-9A1E7A4F7556}") = "BlogR.Core.Tests", "tests\BlogR.Core.Tests\BlogR.Core.Tests.csproj", "{66C64D14-1CEC-4CDB-8DFD-B836ABD02484}"
EndProject
Project("{9A19103F-16F7-4668-BE54-9A1E7A4F7556}") = "BlogR.Data.EntityFramework.MySQL", "src\BlogR.Data.EntityFramework.MySQL\BlogR.Data.EntityFramework.MySQL.csproj", "{CCFF60F0-63A6-4FEC-B2D3-BAEF9A4CC2E7}"
EndProject
Project("{9A19103F-16F7-4668-BE54-9A1E7A4F7556}") = "BlogR.Data.EntityFramework.SQLite", "src\BlogR.Data.EntityFramework.SQLite\BlogR.Data.EntityFramework.SQLite.csproj", "{DDF6B108-45A9-4F6D-BEA9-D49CAED0E439}"
EndProject
Project("{9A19103F-16F7-4668-BE54-9A1E7A4F7556}") = "BlogR.Data.EntityFramework.MSSQL", "src\BlogR.Data.EntityFramework.MSSQL\BlogR.Data.EntityFramework.MSSQL.csproj", "{42770C86-6EDD-4949-99B8-2045C1EF91CB}"
EndProject
Project("{9A19103F-16F7-4668-BE54-9A1E7A4F7556}") = "BlogR.Data.EntityFramework.PostgreSQL", "src\BlogR.Data.EntityFramework.PostgreSQL\BlogR.Data.EntityFramework.PostgreSQL.csproj", "{B1AD739B-D586-470B-90DA-EB50869D8A4D}"
EndProject
Project("{2150E333-8FDC-42A3-9474-1A3956D46DE8}") = "EntityFramework", "EntityFramework", "{AE3BE426-0AB4-4611-96CE-B7842BF3CEE9}"
EndProject
Project("{9A19103F-16F7-4668-BE54-9A1E7A4F7556}") = "BlogR.Data.EntityFramework.MySQL.DependencyInjection", "src\BlogR.Data.EntityFramework.MySQL.DependencyInjection\BlogR.Data.EntityFramework.MySQL.DependencyInjection.csproj", "{C8148240-66E6-4362-A1FF-437EC85D95F8}"
EndProject
Project("{FAE04EC0-301F-11D3-BF4B-00C04F79EFBC}") = "BlogR.Data.EntityFramework.MSSQL.DependencyInjection", "src\BlogR.Data.EntityFramework.MSSQL.DependencyInjection\BlogR.Data.EntityFramework.MSSQL.DependencyInjection.csproj", "{0588F989-F5D9-47DE-98B6-047FC4DE2355}"
EndProject
Project("{FAE04EC0-301F-11D3-BF4B-00C04F79EFBC}") = "BlogR.Data.EntityFramework.PostgreSQL.DependencyInjection", "src\BlogR.Data.EntityFramework.PostgreSQL.DependencyInjection\BlogR.Data.EntityFramework.PostgreSQL.DependencyInjection.csproj", "{6398EECC-9FC5-4A87-AC74-92ABE2C145FA}"
EndProject
Project("{FAE04EC0-301F-11D3-BF4B-00C04F79EFBC}") = "BlogR.Data.EntityFramework.SQLite.DependencyInjection", "src\BlogR.Data.EntityFramework.SQLite.DependencyInjection\BlogR.Data.EntityFramework.SQLite.DependencyInjection.csproj", "{EBA3DAB6-3D3B-43B2-B763-61CD9306B4D7}"
EndProject
Global
	GlobalSection(SolutionConfigurationPlatforms) = preSolution
		Debug|Any CPU = Debug|Any CPU
		Release|Any CPU = Release|Any CPU
	EndGlobalSection
	GlobalSection(ProjectConfigurationPlatforms) = postSolution
		{1A749680-1E00-4472-B775-7307CC2BF3C0}.Debug|Any CPU.ActiveCfg = Debug|Any CPU
		{1A749680-1E00-4472-B775-7307CC2BF3C0}.Debug|Any CPU.Build.0 = Debug|Any CPU
		{1A749680-1E00-4472-B775-7307CC2BF3C0}.Release|Any CPU.ActiveCfg = Release|Any CPU
		{1A749680-1E00-4472-B775-7307CC2BF3C0}.Release|Any CPU.Build.0 = Release|Any CPU
		{B400E9EF-BCF1-4563-A4EF-FF54DFA2BE68}.Debug|Any CPU.ActiveCfg = Debug|Any CPU
		{B400E9EF-BCF1-4563-A4EF-FF54DFA2BE68}.Debug|Any CPU.Build.0 = Debug|Any CPU
		{B400E9EF-BCF1-4563-A4EF-FF54DFA2BE68}.Release|Any CPU.ActiveCfg = Release|Any CPU
		{B400E9EF-BCF1-4563-A4EF-FF54DFA2BE68}.Release|Any CPU.Build.0 = Release|Any CPU
		{DB3408DD-EB86-40E6-BFDC-C29D295D594B}.Debug|Any CPU.ActiveCfg = Debug|Any CPU
		{DB3408DD-EB86-40E6-BFDC-C29D295D594B}.Debug|Any CPU.Build.0 = Debug|Any CPU
		{DB3408DD-EB86-40E6-BFDC-C29D295D594B}.Release|Any CPU.ActiveCfg = Release|Any CPU
		{DB3408DD-EB86-40E6-BFDC-C29D295D594B}.Release|Any CPU.Build.0 = Release|Any CPU
		{66C64D14-1CEC-4CDB-8DFD-B836ABD02484}.Debug|Any CPU.ActiveCfg = Debug|Any CPU
		{66C64D14-1CEC-4CDB-8DFD-B836ABD02484}.Debug|Any CPU.Build.0 = Debug|Any CPU
		{66C64D14-1CEC-4CDB-8DFD-B836ABD02484}.Release|Any CPU.ActiveCfg = Release|Any CPU
		{66C64D14-1CEC-4CDB-8DFD-B836ABD02484}.Release|Any CPU.Build.0 = Release|Any CPU
		{CCFF60F0-63A6-4FEC-B2D3-BAEF9A4CC2E7}.Debug|Any CPU.ActiveCfg = Debug|Any CPU
		{CCFF60F0-63A6-4FEC-B2D3-BAEF9A4CC2E7}.Debug|Any CPU.Build.0 = Debug|Any CPU
		{CCFF60F0-63A6-4FEC-B2D3-BAEF9A4CC2E7}.Release|Any CPU.ActiveCfg = Release|Any CPU
		{CCFF60F0-63A6-4FEC-B2D3-BAEF9A4CC2E7}.Release|Any CPU.Build.0 = Release|Any CPU
		{DDF6B108-45A9-4F6D-BEA9-D49CAED0E439}.Debug|Any CPU.ActiveCfg = Debug|Any CPU
		{DDF6B108-45A9-4F6D-BEA9-D49CAED0E439}.Debug|Any CPU.Build.0 = Debug|Any CPU
		{DDF6B108-45A9-4F6D-BEA9-D49CAED0E439}.Release|Any CPU.ActiveCfg = Release|Any CPU
		{DDF6B108-45A9-4F6D-BEA9-D49CAED0E439}.Release|Any CPU.Build.0 = Release|Any CPU
		{42770C86-6EDD-4949-99B8-2045C1EF91CB}.Debug|Any CPU.ActiveCfg = Debug|Any CPU
		{42770C86-6EDD-4949-99B8-2045C1EF91CB}.Debug|Any CPU.Build.0 = Debug|Any CPU
		{42770C86-6EDD-4949-99B8-2045C1EF91CB}.Release|Any CPU.ActiveCfg = Release|Any CPU
		{42770C86-6EDD-4949-99B8-2045C1EF91CB}.Release|Any CPU.Build.0 = Release|Any CPU
		{B1AD739B-D586-470B-90DA-EB50869D8A4D}.Debug|Any CPU.ActiveCfg = Debug|Any CPU
		{B1AD739B-D586-470B-90DA-EB50869D8A4D}.Debug|Any CPU.Build.0 = Debug|Any CPU
		{B1AD739B-D586-470B-90DA-EB50869D8A4D}.Release|Any CPU.ActiveCfg = Release|Any CPU
		{B1AD739B-D586-470B-90DA-EB50869D8A4D}.Release|Any CPU.Build.0 = Release|Any CPU
		{C8148240-66E6-4362-A1FF-437EC85D95F8}.Debug|Any CPU.ActiveCfg = Debug|Any CPU
		{C8148240-66E6-4362-A1FF-437EC85D95F8}.Debug|Any CPU.Build.0 = Debug|Any CPU
		{C8148240-66E6-4362-A1FF-437EC85D95F8}.Release|Any CPU.ActiveCfg = Release|Any CPU
		{C8148240-66E6-4362-A1FF-437EC85D95F8}.Release|Any CPU.Build.0 = Release|Any CPU
		{0588F989-F5D9-47DE-98B6-047FC4DE2355}.Debug|Any CPU.ActiveCfg = Debug|Any CPU
		{0588F989-F5D9-47DE-98B6-047FC4DE2355}.Debug|Any CPU.Build.0 = Debug|Any CPU
		{0588F989-F5D9-47DE-98B6-047FC4DE2355}.Release|Any CPU.ActiveCfg = Release|Any CPU
		{0588F989-F5D9-47DE-98B6-047FC4DE2355}.Release|Any CPU.Build.0 = Release|Any CPU
		{6398EECC-9FC5-4A87-AC74-92ABE2C145FA}.Debug|Any CPU.ActiveCfg = Debug|Any CPU
		{6398EECC-9FC5-4A87-AC74-92ABE2C145FA}.Debug|Any CPU.Build.0 = Debug|Any CPU
		{6398EECC-9FC5-4A87-AC74-92ABE2C145FA}.Release|Any CPU.ActiveCfg = Release|Any CPU
		{6398EECC-9FC5-4A87-AC74-92ABE2C145FA}.Release|Any CPU.Build.0 = Release|Any CPU
		{EBA3DAB6-3D3B-43B2-B763-61CD9306B4D7}.Debug|Any CPU.ActiveCfg = Debug|Any CPU
		{EBA3DAB6-3D3B-43B2-B763-61CD9306B4D7}.Debug|Any CPU.Build.0 = Debug|Any CPU
		{EBA3DAB6-3D3B-43B2-B763-61CD9306B4D7}.Release|Any CPU.ActiveCfg = Release|Any CPU
		{EBA3DAB6-3D3B-43B2-B763-61CD9306B4D7}.Release|Any CPU.Build.0 = Release|Any CPU
	EndGlobalSection
	GlobalSection(SolutionProperties) = preSolution
		HideSolutionNode = FALSE
	EndGlobalSection
	GlobalSection(NestedProjects) = preSolution
		{1A749680-1E00-4472-B775-7307CC2BF3C0} = {0B14BD1E-412A-4E08-B40D-ED7E5D43B11C}
		{B400E9EF-BCF1-4563-A4EF-FF54DFA2BE68} = {0B14BD1E-412A-4E08-B40D-ED7E5D43B11C}
		{DB3408DD-EB86-40E6-BFDC-C29D295D594B} = {AE3BE426-0AB4-4611-96CE-B7842BF3CEE9}
		{66C64D14-1CEC-4CDB-8DFD-B836ABD02484} = {45ED4DDE-4886-4430-9AD0-A1445FBFE7A1}
		{CCFF60F0-63A6-4FEC-B2D3-BAEF9A4CC2E7} = {AE3BE426-0AB4-4611-96CE-B7842BF3CEE9}
		{DDF6B108-45A9-4F6D-BEA9-D49CAED0E439} = {AE3BE426-0AB4-4611-96CE-B7842BF3CEE9}
		{42770C86-6EDD-4949-99B8-2045C1EF91CB} = {AE3BE426-0AB4-4611-96CE-B7842BF3CEE9}
		{B1AD739B-D586-470B-90DA-EB50869D8A4D} = {AE3BE426-0AB4-4611-96CE-B7842BF3CEE9}
		{AE3BE426-0AB4-4611-96CE-B7842BF3CEE9} = {0B14BD1E-412A-4E08-B40D-ED7E5D43B11C}
		{C8148240-66E6-4362-A1FF-437EC85D95F8} = {AE3BE426-0AB4-4611-96CE-B7842BF3CEE9}
		{0588F989-F5D9-47DE-98B6-047FC4DE2355} = {AE3BE426-0AB4-4611-96CE-B7842BF3CEE9}
		{6398EECC-9FC5-4A87-AC74-92ABE2C145FA} = {AE3BE426-0AB4-4611-96CE-B7842BF3CEE9}
		{EBA3DAB6-3D3B-43B2-B763-61CD9306B4D7} = {AE3BE426-0AB4-4611-96CE-B7842BF3CEE9}
	EndGlobalSection
	GlobalSection(ExtensibilityGlobals) = postSolution
		SolutionGuid = {CE2C0EBC-2325-49B8-9F21-DA1225A84529}
	EndGlobalSection
EndGlobal
